
Microsoft Visual Studio Solution File, Format Version 12.00
# Visual Studio Version 16
VisualStudioVersion = 16.0.31402.337
MinimumVisualStudioVersion = 10.0.40219.1
Project("{FAE04EC0-301F-11D3-BF4B-00C04F79EFBC}") = "SoundCloudDownloader", "SoundCloudDownloader\SoundCloudDownloader.csproj", "{43473513-7407-4C57-B79F-5A9441ECA77D}"
EndProject
Global
	GlobalSection(SolutionConfigurationPlatforms) = preSolution
		Debug|Any CPU = Debug|Any CPU
		Release|Any CPU = Release|Any CPU
	EndGlobalSection
	GlobalSection(ProjectConfigurationPlatforms) = postSolution
		{43473513-7407-4C57-B79F-5A9441ECA77D}.Debug|Any CPU.ActiveCfg = Debug|Any CPU
		{43473513-7407-4C57-B79F-5A9441ECA77D}.Debug|Any CPU.Build.0 = Debug|Any CPU
		{43473513-7407-4C57-B79F-5A9441ECA77D}.Release|Any CPU.ActiveCfg = Release|Any CPU
		{43473513-7407-4C57-B79F-5A9441ECA77D}.Release|Any CPU.Build.0 = Release|Any CPU
	EndGlobalSection
	GlobalSection(SolutionProperties) = preSolution
		HideSolutionNode = FALSE
	EndGlobalSection
	GlobalSection(ExtensibilityGlobals) = postSolution
		SolutionGuid = {3AF34D3D-AA3B-4AEB-B862-0DE96C5D0D9A}
	EndGlobalSection
EndGlobal
