
Microsoft Visual Studio Solution File, Format Version 12.00
# Visual Studio Version 17
VisualStudioVersion = 17.7.33920.267
MinimumVisualStudioVersion = 10.0.40219.1
Project("{9A19103F-16F7-4668-BE54-9A1E7A4F7556}") = "SoundCloudDownloader", "SoundCloudDownloader\SoundCloudDownloader.csproj", "{43473513-7407-4C57-B79F-5A9441ECA77D}"
EndProject
Project("{2150E333-8FDC-42A3-9474-1A3956D46DE8}") = "Solution Items", "Solution Items", "{7E599521-602C-4999-8957-BC82992BB463}"
	ProjectSection(SolutionItems) = preProject
		.gitattributes = .gitattributes
		.gitignore = .gitignore
		Directory.Build.props = Directory.Build.props
		favicon.ico = favicon.ico
		README.md = README.md
	EndProjectSection
EndProject
Project("{9A19103F-16F7-4668-BE54-9A1E7A4F7556}") = "SoundCloudDownloader.Core", "SoundCloudDownloader.Core\SoundCloudDownloader.Core.csproj", "{98182EC2-A529-49E3-A0E8-E9E4DD8BDA73}"
EndProject
Global
	GlobalSection(SolutionConfigurationPlatforms) = preSolution
		Debug|Any CPU = Debug|Any CPU
		Release|Any CPU = Release|Any CPU
	EndGlobalSection
	GlobalSection(ProjectConfigurationPlatforms) = postSolution
		{43473513-7407-4C57-B79F-5A9441ECA77D}.Debug|Any CPU.ActiveCfg = Debug|Any CPU
		{43473513-7407-4C57-B79F-5A9441ECA77D}.Debug|Any CPU.Build.0 = Debug|Any CPU
		{43473513-7407-4C57-B79F-5A9441ECA77D}.Release|Any CPU.ActiveCfg = Release|Any CPU
		{43473513-7407-4C57-B79F-5A9441ECA77D}.Release|Any CPU.Build.0 = Release|Any CPU
		{98182EC2-A529-49E3-A0E8-E9E4DD8BDA73}.Debug|Any CPU.ActiveCfg = Debug|Any CPU
		{98182EC2-A529-49E3-A0E8-E9E4DD8BDA73}.Debug|Any CPU.Build.0 = Debug|Any CPU
		{98182EC2-A529-49E3-A0E8-E9E4DD8BDA73}.Release|Any CPU.ActiveCfg = Release|Any CPU
		{98182EC2-A529-49E3-A0E8-E9E4DD8BDA73}.Release|Any CPU.Build.0 = Release|Any CPU
	EndGlobalSection
	GlobalSection(SolutionProperties) = preSolution
		HideSolutionNode = FALSE
	EndGlobalSection
	GlobalSection(ExtensibilityGlobals) = postSolution
		SolutionGuid = {3AF34D3D-AA3B-4AEB-B862-0DE96C5D0D9A}
	EndGlobalSection
EndGlobal
